// !$*UTF8*$!
{
	archiveVersion = 1;
	classes = {
	};
	objectVersion = 48;
	objects = {

/* Begin PBXBuildFile section */
		64507C751FE786E500EC2859 /* AppDelegate.swift in Sources */ = {isa = PBXBuildFile; fileRef = 64507C741FE786E500EC2859 /* AppDelegate.swift */; };
		64507C771FE786E500EC2859 /* ViewController.swift in Sources */ = {isa = PBXBuildFile; fileRef = 64507C761FE786E500EC2859 /* ViewController.swift */; };
		64507C7A1FE786E500EC2859 /* Main.storyboard in Resources */ = {isa = PBXBuildFile; fileRef = 64507C781FE786E500EC2859 /* Main.storyboard */; };
		64507C7C1FE786E500EC2859 /* Assets.xcassets in Resources */ = {isa = PBXBuildFile; fileRef = 64507C7B1FE786E500EC2859 /* Assets.xcassets */; };
		64507C7F1FE786E500EC2859 /* LaunchScreen.storyboard in Resources */ = {isa = PBXBuildFile; fileRef = 64507C7D1FE786E500EC2859 /* LaunchScreen.storyboard */; };
		64507C8A1FE786E600EC2859 /* SampleTests.swift in Sources */ = {isa = PBXBuildFile; fileRef = 64507C891FE786E600EC2859 /* SampleTests.swift */; };
		64507C951FE786E600EC2859 /* SampleUITests.swift in Sources */ = {isa = PBXBuildFile; fileRef = 64507C941FE786E600EC2859 /* SampleUITests.swift */; };
		64507CA31FE787C000EC2859 /* BioControllers.swift in Sources */ = {isa = PBXBuildFile; fileRef = 64507CA21FE787C000EC2859 /* BioControllers.swift */; };
		8C2E39B236AD6EC25A0A65BD /* Pods_Sample.framework in Frameworks */ = {isa = PBXBuildFile; fileRef = 308AEDDC39298C8EDF013414 /* Pods_Sample.framework */; };
/* End PBXBuildFile section */

/* Begin PBXContainerItemProxy section */
		64507C861FE786E600EC2859 /* PBXContainerItemProxy */ = {
			isa = PBXContainerItemProxy;
			containerPortal = 64507C691FE786E500EC2859 /* Project object */;
			proxyType = 1;
			remoteGlobalIDString = 64507C701FE786E500EC2859;
			remoteInfo = Sample;
		};
		64507C911FE786E600EC2859 /* PBXContainerItemProxy */ = {
			isa = PBXContainerItemProxy;
			containerPortal = 64507C691FE786E500EC2859 /* Project object */;
			proxyType = 1;
			remoteGlobalIDString = 64507C701FE786E500EC2859;
			remoteInfo = Sample;
		};
/* End PBXContainerItemProxy section */

/* Begin PBXFileReference section */
		308AEDDC39298C8EDF013414 /* Pods_Sample.framework */ = {isa = PBXFileReference; explicitFileType = wrapper.framework; includeInIndex = 0; path = Pods_Sample.framework; sourceTree = BUILT_PRODUCTS_DIR; };
		3EEF1E9C1CF5C1F5161CD931 /* Pods-Sample.debug.xcconfig */ = {isa = PBXFileReference; includeInIndex = 1; lastKnownFileType = text.xcconfig; name = "Pods-Sample.debug.xcconfig"; path = "Pods/Target Support Files/Pods-Sample/Pods-Sample.debug.xcconfig"; sourceTree = "<group>"; };
		64507C711FE786E500EC2859 /* Sample.app */ = {isa = PBXFileReference; explicitFileType = wrapper.application; includeInIndex = 0; path = Sample.app; sourceTree = BUILT_PRODUCTS_DIR; };
		64507C741FE786E500EC2859 /* AppDelegate.swift */ = {isa = PBXFileReference; lastKnownFileType = sourcecode.swift; path = AppDelegate.swift; sourceTree = "<group>"; };
		64507C761FE786E500EC2859 /* ViewController.swift */ = {isa = PBXFileReference; lastKnownFileType = sourcecode.swift; path = ViewController.swift; sourceTree = "<group>"; };
		64507C791FE786E500EC2859 /* Base */ = {isa = PBXFileReference; lastKnownFileType = file.storyboard; name = Base; path = Base.lproj/Main.storyboard; sourceTree = "<group>"; };
		64507C7B1FE786E500EC2859 /* Assets.xcassets */ = {isa = PBXFileReference; lastKnownFileType = folder.assetcatalog; path = Assets.xcassets; sourceTree = "<group>"; };
		64507C7E1FE786E500EC2859 /* Base */ = {isa = PBXFileReference; lastKnownFileType = file.storyboard; name = Base; path = Base.lproj/LaunchScreen.storyboard; sourceTree = "<group>"; };
		64507C801FE786E500EC2859 /* Info.plist */ = {isa = PBXFileReference; lastKnownFileType = text.plist.xml; path = Info.plist; sourceTree = "<group>"; };
		64507C851FE786E600EC2859 /* SampleTests.xctest */ = {isa = PBXFileReference; explicitFileType = wrapper.cfbundle; includeInIndex = 0; path = SampleTests.xctest; sourceTree = BUILT_PRODUCTS_DIR; };
		64507C891FE786E600EC2859 /* SampleTests.swift */ = {isa = PBXFileReference; lastKnownFileType = sourcecode.swift; path = SampleTests.swift; sourceTree = "<group>"; };
		64507C8B1FE786E600EC2859 /* Info.plist */ = {isa = PBXFileReference; lastKnownFileType = text.plist.xml; path = Info.plist; sourceTree = "<group>"; };
		64507C901FE786E600EC2859 /* SampleUITests.xctest */ = {isa = PBXFileReference; explicitFileType = wrapper.cfbundle; includeInIndex = 0; path = SampleUITests.xctest; sourceTree = BUILT_PRODUCTS_DIR; };
		64507C941FE786E600EC2859 /* SampleUITests.swift */ = {isa = PBXFileReference; lastKnownFileType = sourcecode.swift; path = SampleUITests.swift; sourceTree = "<group>"; };
		64507C961FE786E600EC2859 /* Info.plist */ = {isa = PBXFileReference; lastKnownFileType = text.plist.xml; path = Info.plist; sourceTree = "<group>"; };
		64507CA21FE787C000EC2859 /* BioControllers.swift */ = {isa = PBXFileReference; lastKnownFileType = sourcecode.swift; path = BioControllers.swift; sourceTree = "<group>"; };
		706B545AB3F245438007F998 /* Pods-Sample.release.xcconfig */ = {isa = PBXFileReference; includeInIndex = 1; lastKnownFileType = text.xcconfig; name = "Pods-Sample.release.xcconfig"; path = "Pods/Target Support Files/Pods-Sample/Pods-Sample.release.xcconfig"; sourceTree = "<group>"; };
/* End PBXFileReference section */

/* Begin PBXFrameworksBuildPhase section */
		64507C6E1FE786E500EC2859 /* Frameworks */ = {
			isa = PBXFrameworksBuildPhase;
			buildActionMask = 2147483647;
			files = (
				8C2E39B236AD6EC25A0A65BD /* Pods_Sample.framework in Frameworks */,
			);
			runOnlyForDeploymentPostprocessing = 0;
		};
		64507C821FE786E600EC2859 /* Frameworks */ = {
			isa = PBXFrameworksBuildPhase;
			buildActionMask = 2147483647;
			files = (
			);
			runOnlyForDeploymentPostprocessing = 0;
		};
		64507C8D1FE786E600EC2859 /* Frameworks */ = {
			isa = PBXFrameworksBuildPhase;
			buildActionMask = 2147483647;
			files = (
			);
			runOnlyForDeploymentPostprocessing = 0;
		};
/* End PBXFrameworksBuildPhase section */

/* Begin PBXGroup section */
		4A91E1147726C7F2B6069382 /* Frameworks */ = {
			isa = PBXGroup;
			children = (
				308AEDDC39298C8EDF013414 /* Pods_Sample.framework */,
			);
			name = Frameworks;
			sourceTree = "<group>";
		};
		64507C681FE786E500EC2859 = {
			isa = PBXGroup;
			children = (
				64507C731FE786E500EC2859 /* Sample */,
				64507C881FE786E600EC2859 /* SampleTests */,
				64507C931FE786E600EC2859 /* SampleUITests */,
				64507C721FE786E500EC2859 /* Products */,
				EECECCCCCE932E8455DC7D2B /* Pods */,
				4A91E1147726C7F2B6069382 /* Frameworks */,
			);
			sourceTree = "<group>";
		};
		64507C721FE786E500EC2859 /* Products */ = {
			isa = PBXGroup;
			children = (
				64507C711FE786E500EC2859 /* Sample.app */,
				64507C851FE786E600EC2859 /* SampleTests.xctest */,
				64507C901FE786E600EC2859 /* SampleUITests.xctest */,
			);
			name = Products;
			sourceTree = "<group>";
		};
		64507C731FE786E500EC2859 /* Sample */ = {
			isa = PBXGroup;
			children = (
				64507C741FE786E500EC2859 /* AppDelegate.swift */,
				64507C761FE786E500EC2859 /* ViewController.swift */,
				64507CA21FE787C000EC2859 /* BioControllers.swift */,
				64507C781FE786E500EC2859 /* Main.storyboard */,
				64507C7B1FE786E500EC2859 /* Assets.xcassets */,
				64507C7D1FE786E500EC2859 /* LaunchScreen.storyboard */,
				64507C801FE786E500EC2859 /* Info.plist */,
			);
			path = Sample;
			sourceTree = "<group>";
		};
		64507C881FE786E600EC2859 /* SampleTests */ = {
			isa = PBXGroup;
			children = (
				64507C891FE786E600EC2859 /* SampleTests.swift */,
				64507C8B1FE786E600EC2859 /* Info.plist */,
			);
			path = SampleTests;
			sourceTree = "<group>";
		};
		64507C931FE786E600EC2859 /* SampleUITests */ = {
			isa = PBXGroup;
			children = (
				64507C941FE786E600EC2859 /* SampleUITests.swift */,
				64507C961FE786E600EC2859 /* Info.plist */,
			);
			path = SampleUITests;
			sourceTree = "<group>";
		};
		EECECCCCCE932E8455DC7D2B /* Pods */ = {
			isa = PBXGroup;
			children = (
				3EEF1E9C1CF5C1F5161CD931 /* Pods-Sample.debug.xcconfig */,
				706B545AB3F245438007F998 /* Pods-Sample.release.xcconfig */,
			);
			name = Pods;
			sourceTree = "<group>";
		};
/* End PBXGroup section */

/* Begin PBXNativeTarget section */
		64507C701FE786E500EC2859 /* Sample */ = {
			isa = PBXNativeTarget;
			buildConfigurationList = 64507C991FE786E600EC2859 /* Build configuration list for PBXNativeTarget "Sample" */;
			buildPhases = (
				1B2A8800D552FCF36623E90D /* [CP] Check Pods Manifest.lock */,
				64507C6D1FE786E500EC2859 /* Sources */,
				64507C6E1FE786E500EC2859 /* Frameworks */,
				64507C6F1FE786E500EC2859 /* Resources */,
				C0A4B627FA203C70E0FD5273 /* [CP] Embed Pods Frameworks */,
				335B97AC18F6E9AA01290E59 /* [CP] Copy Pods Resources */,
			);
			buildRules = (
			);
			dependencies = (
			);
			name = Sample;
			productName = Sample;
			productReference = 64507C711FE786E500EC2859 /* Sample.app */;
			productType = "com.apple.product-type.application";
		};
		64507C841FE786E600EC2859 /* SampleTests */ = {
			isa = PBXNativeTarget;
			buildConfigurationList = 64507C9C1FE786E600EC2859 /* Build configuration list for PBXNativeTarget "SampleTests" */;
			buildPhases = (
				64507C811FE786E600EC2859 /* Sources */,
				64507C821FE786E600EC2859 /* Frameworks */,
				64507C831FE786E600EC2859 /* Resources */,
			);
			buildRules = (
			);
			dependencies = (
				64507C871FE786E600EC2859 /* PBXTargetDependency */,
			);
			name = SampleTests;
			productName = SampleTests;
			productReference = 64507C851FE786E600EC2859 /* SampleTests.xctest */;
			productType = "com.apple.product-type.bundle.unit-test";
		};
		64507C8F1FE786E600EC2859 /* SampleUITests */ = {
			isa = PBXNativeTarget;
			buildConfigurationList = 64507C9F1FE786E600EC2859 /* Build configuration list for PBXNativeTarget "SampleUITests" */;
			buildPhases = (
				64507C8C1FE786E600EC2859 /* Sources */,
				64507C8D1FE786E600EC2859 /* Frameworks */,
				64507C8E1FE786E600EC2859 /* Resources */,
			);
			buildRules = (
			);
			dependencies = (
				64507C921FE786E600EC2859 /* PBXTargetDependency */,
			);
			name = SampleUITests;
			productName = SampleUITests;
			productReference = 64507C901FE786E600EC2859 /* SampleUITests.xctest */;
			productType = "com.apple.product-type.bundle.ui-testing";
		};
/* End PBXNativeTarget section */

/* Begin PBXProject section */
		64507C691FE786E500EC2859 /* Project object */ = {
			isa = PBXProject;
			attributes = {
				LastSwiftUpdateCheck = 0920;
				LastUpgradeCheck = 0920;
				ORGANIZATIONNAME = "李二狗";
				TargetAttributes = {
					64507C701FE786E500EC2859 = {
						CreatedOnToolsVersion = 9.2;
						ProvisioningStyle = Automatic;
					};
					64507C841FE786E600EC2859 = {
						CreatedOnToolsVersion = 9.2;
						ProvisioningStyle = Automatic;
						TestTargetID = 64507C701FE786E500EC2859;
					};
					64507C8F1FE786E600EC2859 = {
						CreatedOnToolsVersion = 9.2;
						ProvisioningStyle = Automatic;
						TestTargetID = 64507C701FE786E500EC2859;
					};
				};
			};
			buildConfigurationList = 64507C6C1FE786E500EC2859 /* Build configuration list for PBXProject "Sample" */;
			compatibilityVersion = "Xcode 8.0";
			developmentRegion = en;
			hasScannedForEncodings = 0;
			knownRegions = (
				en,
				Base,
			);
			mainGroup = 64507C681FE786E500EC2859;
			productRefGroup = 64507C721FE786E500EC2859 /* Products */;
			projectDirPath = "";
			projectRoot = "";
			targets = (
				64507C701FE786E500EC2859 /* Sample */,
				64507C841FE786E600EC2859 /* SampleTests */,
				64507C8F1FE786E600EC2859 /* SampleUITests */,
			);
		};
/* End PBXProject section */

/* Begin PBXResourcesBuildPhase section */
		64507C6F1FE786E500EC2859 /* Resources */ = {
			isa = PBXResourcesBuildPhase;
			buildActionMask = 2147483647;
			files = (
				64507C7F1FE786E500EC2859 /* LaunchScreen.storyboard in Resources */,
				64507C7C1FE786E500EC2859 /* Assets.xcassets in Resources */,
				64507C7A1FE786E500EC2859 /* Main.storyboard in Resources */,
			);
			runOnlyForDeploymentPostprocessing = 0;
		};
		64507C831FE786E600EC2859 /* Resources */ = {
			isa = PBXResourcesBuildPhase;
			buildActionMask = 2147483647;
			files = (
			);
			runOnlyForDeploymentPostprocessing = 0;
		};
		64507C8E1FE786E600EC2859 /* Resources */ = {
			isa = PBXResourcesBuildPhase;
			buildActionMask = 2147483647;
			files = (
			);
			runOnlyForDeploymentPostprocessing = 0;
		};
/* End PBXResourcesBuildPhase section */

/* Begin PBXShellScriptBuildPhase section */
		1B2A8800D552FCF36623E90D /* [CP] Check Pods Manifest.lock */ = {
			isa = PBXShellScriptBuildPhase;
			buildActionMask = 2147483647;
			files = (
			);
			inputPaths = (
				"${PODS_PODFILE_DIR_PATH}/Podfile.lock",
				"${PODS_ROOT}/Manifest.lock",
			);
			name = "[CP] Check Pods Manifest.lock";
			outputPaths = (
				"$(DERIVED_FILE_DIR)/Pods-Sample-checkManifestLockResult.txt",
			);
			runOnlyForDeploymentPostprocessing = 0;
			shellPath = /bin/sh;
			shellScript = "diff \"${PODS_PODFILE_DIR_PATH}/Podfile.lock\" \"${PODS_ROOT}/Manifest.lock\" > /dev/null\nif [ $? != 0 ] ; then\n    # print error to STDERR\n    echo \"error: The sandbox is not in sync with the Podfile.lock. Run 'pod install' or update your CocoaPods installation.\" >&2\n    exit 1\nfi\n# This output is used by Xcode 'outputs' to avoid re-running this script phase.\necho \"SUCCESS\" > \"${SCRIPT_OUTPUT_FILE_0}\"\n";
			showEnvVarsInLog = 0;
		};
		335B97AC18F6E9AA01290E59 /* [CP] Copy Pods Resources */ = {
			isa = PBXShellScriptBuildPhase;
			buildActionMask = 2147483647;
			files = (
			);
			inputPaths = (
			);
			name = "[CP] Copy Pods Resources";
			outputPaths = (
			);
			runOnlyForDeploymentPostprocessing = 0;
			shellPath = /bin/sh;
			shellScript = "\"${SRCROOT}/Pods/Target Support Files/Pods-Sample/Pods-Sample-resources.sh\"\n";
			showEnvVarsInLog = 0;
		};
		C0A4B627FA203C70E0FD5273 /* [CP] Embed Pods Frameworks */ = {
			isa = PBXShellScriptBuildPhase;
			buildActionMask = 2147483647;
			files = (
			);
			inputPaths = (
				"${SRCROOT}/Pods/Target Support Files/Pods-Sample/Pods-Sample-frameworks.sh",
				"${BUILT_PRODUCTS_DIR}/BioAuth/BioAuth.framework",
			);
			name = "[CP] Embed Pods Frameworks";
			outputPaths = (
				"${TARGET_BUILD_DIR}/${FRAMEWORKS_FOLDER_PATH}/BioAuth.framework",
			);
			runOnlyForDeploymentPostprocessing = 0;
			shellPath = /bin/sh;
			shellScript = "\"${SRCROOT}/Pods/Target Support Files/Pods-Sample/Pods-Sample-frameworks.sh\"\n";
			showEnvVarsInLog = 0;
		};
/* End PBXShellScriptBuildPhase section */

/* Begin PBXSourcesBuildPhase section */
		64507C6D1FE786E500EC2859 /* Sources */ = {
			isa = PBXSourcesBuildPhase;
			buildActionMask = 2147483647;
			files = (
				64507CA31FE787C000EC2859 /* BioControllers.swift in Sources */,
				64507C771FE786E500EC2859 /* ViewController.swift in Sources */,
				64507C751FE786E500EC2859 /* AppDelegate.swift in Sources */,
			);
			runOnlyForDeploymentPostprocessing = 0;
		};
		64507C811FE786E600EC2859 /* Sources */ = {
			isa = PBXSourcesBuildPhase;
			buildActionMask = 2147483647;
			files = (
				64507C8A1FE786E600EC2859 /* SampleTests.swift in Sources */,
			);
			runOnlyForDeploymentPostprocessing = 0;
		};
		64507C8C1FE786E600EC2859 /* Sources */ = {
			isa = PBXSourcesBuildPhase;
			buildActionMask = 2147483647;
			files = (
				64507C951FE786E600EC2859 /* SampleUITests.swift in Sources */,
			);
			runOnlyForDeploymentPostprocessing = 0;
		};
/* End PBXSourcesBuildPhase section */

/* Begin PBXTargetDependency section */
		64507C871FE786E600EC2859 /* PBXTargetDependency */ = {
			isa = PBXTargetDependency;
			target = 64507C701FE786E500EC2859 /* Sample */;
			targetProxy = 64507C861FE786E600EC2859 /* PBXContainerItemProxy */;
		};
		64507C921FE786E600EC2859 /* PBXTargetDependency */ = {
			isa = PBXTargetDependency;
			target = 64507C701FE786E500EC2859 /* Sample */;
			targetProxy = 64507C911FE786E600EC2859 /* PBXContainerItemProxy */;
		};
/* End PBXTargetDependency section */

/* Begin PBXVariantGroup section */
		64507C781FE786E500EC2859 /* Main.storyboard */ = {
			isa = PBXVariantGroup;
			children = (
				64507C791FE786E500EC2859 /* Base */,
			);
			name = Main.storyboard;
			sourceTree = "<group>";
		};
		64507C7D1FE786E500EC2859 /* LaunchScreen.storyboard */ = {
			isa = PBXVariantGroup;
			children = (
				64507C7E1FE786E500EC2859 /* Base */,
			);
			name = LaunchScreen.storyboard;
			sourceTree = "<group>";
		};
/* End PBXVariantGroup section */

/* Begin XCBuildConfiguration section */
		64507C971FE786E600EC2859 /* Debug */ = {
			isa = XCBuildConfiguration;
			buildSettings = {
				ALWAYS_SEARCH_USER_PATHS = NO;
				CLANG_ANALYZER_NONNULL = YES;
				CLANG_ANALYZER_NUMBER_OBJECT_CONVERSION = YES_AGGRESSIVE;
				CLANG_CXX_LANGUAGE_STANDARD = "gnu++14";
				CLANG_CXX_LIBRARY = "libc++";
				CLANG_ENABLE_MODULES = YES;
				CLANG_ENABLE_OBJC_ARC = YES;
				CLANG_WARN_BLOCK_CAPTURE_AUTORELEASING = YES;
				CLANG_WARN_BOOL_CONVERSION = YES;
				CLANG_WARN_COMMA = YES;
				CLANG_WARN_CONSTANT_CONVERSION = YES;
				CLANG_WARN_DIRECT_OBJC_ISA_USAGE = YES_ERROR;
				CLANG_WARN_DOCUMENTATION_COMMENTS = YES;
				CLANG_WARN_EMPTY_BODY = YES;
				CLANG_WARN_ENUM_CONVERSION = YES;
				CLANG_WARN_INFINITE_RECURSION = YES;
				CLANG_WARN_INT_CONVERSION = YES;
				CLANG_WARN_NON_LITERAL_NULL_CONVERSION = YES;
				CLANG_WARN_OBJC_LITERAL_CONVERSION = YES;
				CLANG_WARN_OBJC_ROOT_CLASS = YES_ERROR;
				CLANG_WARN_RANGE_LOOP_ANALYSIS = YES;
				CLANG_WARN_STRICT_PROTOTYPES = YES;
				CLANG_WARN_SUSPICIOUS_MOVE = YES;
				CLANG_WARN_UNGUARDED_AVAILABILITY = YES_AGGRESSIVE;
				CLANG_WARN_UNREACHABLE_CODE = YES;
				CLANG_WARN__DUPLICATE_METHOD_MATCH = YES;
				CODE_SIGN_IDENTITY = "iPhone Developer";
				COPY_PHASE_STRIP = NO;
				DEBUG_INFORMATION_FORMAT = dwarf;
				ENABLE_STRICT_OBJC_MSGSEND = YES;
				ENABLE_TESTABILITY = YES;
				GCC_C_LANGUAGE_STANDARD = gnu11;
				GCC_DYNAMIC_NO_PIC = NO;
				GCC_NO_COMMON_BLOCKS = YES;
				GCC_OPTIMIZATION_LEVEL = 0;
				GCC_PREPROCESSOR_DEFINITIONS = (
					"DEBUG=1",
					"$(inherited)",
				);
				GCC_WARN_64_TO_32_BIT_CONVERSION = YES;
				GCC_WARN_ABOUT_RETURN_TYPE = YES_ERROR;
				GCC_WARN_UNDECLARED_SELECTOR = YES;
				GCC_WARN_UNINITIALIZED_AUTOS = YES_AGGRESSIVE;
				GCC_WARN_UNUSED_FUNCTION = YES;
				GCC_WARN_UNUSED_VARIABLE = YES;
				IPHONEOS_DEPLOYMENT_TARGET = 11.2;
				MTL_ENABLE_DEBUG_INFO = YES;
				ONLY_ACTIVE_ARCH = YES;
				SDKROOT = iphoneos;
				SWIFT_ACTIVE_COMPILATION_CONDITIONS = DEBUG;
				SWIFT_OPTIMIZATION_LEVEL = "-Onone";
			};
			name = Debug;
		};
		64507C981FE786E600EC2859 /* Release */ = {
			isa = XCBuildConfiguration;
			buildSettings = {
				ALWAYS_SEARCH_USER_PATHS = NO;
				CLANG_ANALYZER_NONNULL = YES;
				CLANG_ANALYZER_NUMBER_OBJECT_CONVERSION = YES_AGGRESSIVE;
				CLANG_CXX_LANGUAGE_STANDARD = "gnu++14";
				CLANG_CXX_LIBRARY = "libc++";
				CLANG_ENABLE_MODULES = YES;
				CLANG_ENABLE_OBJC_ARC = YES;
				CLANG_WARN_BLOCK_CAPTURE_AUTORELEASING = YES;
				CLANG_WARN_BOOL_CONVERSION = YES;
				CLANG_WARN_COMMA = YES;
				CLANG_WARN_CONSTANT_CONVERSION = YES;
				CLANG_WARN_DIRECT_OBJC_ISA_USAGE = YES_ERROR;
				CLANG_WARN_DOCUMENTATION_COMMENTS = YES;
				CLANG_WARN_EMPTY_BODY = YES;
				CLANG_WARN_ENUM_CONVERSION = YES;
				CLANG_WARN_INFINITE_RECURSION = YES;
				CLANG_WARN_INT_CONVERSION = YES;
				CLANG_WARN_NON_LITERAL_NULL_CONVERSION = YES;
				CLANG_WARN_OBJC_LITERAL_CONVERSION = YES;
				CLANG_WARN_OBJC_ROOT_CLASS = YES_ERROR;
				CLANG_WARN_RANGE_LOOP_ANALYSIS = YES;
				CLANG_WARN_STRICT_PROTOTYPES = YES;
				CLANG_WARN_SUSPICIOUS_MOVE = YES;
				CLANG_WARN_UNGUARDED_AVAILABILITY = YES_AGGRESSIVE;
				CLANG_WARN_UNREACHABLE_CODE = YES;
				CLANG_WARN__DUPLICATE_METHOD_MATCH = YES;
				CODE_SIGN_IDENTITY = "iPhone Developer";
				COPY_PHASE_STRIP = NO;
				DEBUG_INFORMATION_FORMAT = "dwarf-with-dsym";
				ENABLE_NS_ASSERTIONS = NO;
				ENABLE_STRICT_OBJC_MSGSEND = YES;
				GCC_C_LANGUAGE_STANDARD = gnu11;
				GCC_NO_COMMON_BLOCKS = YES;
				GCC_WARN_64_TO_32_BIT_CONVERSION = YES;
				GCC_WARN_ABOUT_RETURN_TYPE = YES_ERROR;
				GCC_WARN_UNDECLARED_SELECTOR = YES;
				GCC_WARN_UNINITIALIZED_AUTOS = YES_AGGRESSIVE;
				GCC_WARN_UNUSED_FUNCTION = YES;
				GCC_WARN_UNUSED_VARIABLE = YES;
				IPHONEOS_DEPLOYMENT_TARGET = 11.2;
				MTL_ENABLE_DEBUG_INFO = NO;
				SDKROOT = iphoneos;
				SWIFT_OPTIMIZATION_LEVEL = "-Owholemodule";
				VALIDATE_PRODUCT = YES;
			};
			name = Release;
		};
		64507C9A1FE786E600EC2859 /* Debug */ = {
			isa = XCBuildConfiguration;
			baseConfigurationReference = 3EEF1E9C1CF5C1F5161CD931 /* Pods-Sample.debug.xcconfig */;
			buildSettings = {
				ASSETCATALOG_COMPILER_APPICON_NAME = AppIcon;
				CODE_SIGN_STYLE = Automatic;
				DEVELOPMENT_TEAM = 63YL5QDMNS;
				INFOPLIST_FILE = Sample/Info.plist;
				LD_RUNPATH_SEARCH_PATHS = "$(inherited) @executable_path/Frameworks";
				PRODUCT_BUNDLE_IDENTIFIER = cn.meniny.Bio.Sample;
				PRODUCT_NAME = "$(TARGET_NAME)";
				SWIFT_VERSION = 4.0;
				TARGETED_DEVICE_FAMILY = "1,2";
			};
			name = Debug;
		};
		64507C9B1FE786E600EC2859 /* Release */ = {
			isa = XCBuildConfiguration;
			baseConfigurationReference = 706B545AB3F245438007F998 /* Pods-Sample.release.xcconfig */;
			buildSettings = {
				ASSETCATALOG_COMPILER_APPICON_NAME = AppIcon;
				CODE_SIGN_STYLE = Automatic;
				DEVELOPMENT_TEAM = 63YL5QDMNS;
				INFOPLIST_FILE = Sample/Info.plist;
				LD_RUNPATH_SEARCH_PATHS = "$(inherited) @executable_path/Frameworks";
				PRODUCT_BUNDLE_IDENTIFIER = cn.meniny.Bio.Sample;
				PRODUCT_NAME = "$(TARGET_NAME)";
				SWIFT_VERSION = 4.0;
				TARGETED_DEVICE_FAMILY = "1,2";
			};
			name = Release;
		};
		64507C9D1FE786E600EC2859 /* Debug */ = {
			isa = XCBuildConfiguration;
			buildSettings = {
				ALWAYS_EMBED_SWIFT_STANDARD_LIBRARIES = YES;
				BUNDLE_LOADER = "$(TEST_HOST)";
				CODE_SIGN_STYLE = Automatic;
				DEVELOPMENT_TEAM = 63YL5QDMNS;
				INFOPLIST_FILE = SampleTests/Info.plist;
				LD_RUNPATH_SEARCH_PATHS = "$(inherited) @executable_path/Frameworks @loader_path/Frameworks";
				PRODUCT_BUNDLE_IDENTIFIER = cn.meniny.Bio.SampleTests;
				PRODUCT_NAME = "$(TARGET_NAME)";
				SWIFT_VERSION = 4.0;
				TARGETED_DEVICE_FAMILY = "1,2";
				TEST_HOST = "$(BUILT_PRODUCTS_DIR)/Sample.app/Sample";
			};
			name = Debug;
		};
		64507C9E1FE786E600EC2859 /* Release */ = {
			isa = XCBuildConfiguration;
			buildSettings = {
				ALWAYS_EMBED_SWIFT_STANDARD_LIBRARIES = YES;
				BUNDLE_LOADER = "$(TEST_HOST)";
				CODE_SIGN_STYLE = Automatic;
				DEVELOPMENT_TEAM = 63YL5QDMNS;
				INFOPLIST_FILE = SampleTests/Info.plist;
				LD_RUNPATH_SEARCH_PATHS = "$(inherited) @executable_path/Frameworks @loader_path/Frameworks";
				PRODUCT_BUNDLE_IDENTIFIER = cn.meniny.Bio.SampleTests;
				PRODUCT_NAME = "$(TARGET_NAME)";
				SWIFT_VERSION = 4.0;
				TARGETED_DEVICE_FAMILY = "1,2";
				TEST_HOST = "$(BUILT_PRODUCTS_DIR)/Sample.app/Sample";
			};
			name = Release;
		};
		64507CA01FE786E600EC2859 /* Debug */ = {
			isa = XCBuildConfiguration;
			buildSettings = {
				ALWAYS_EMBED_SWIFT_STANDARD_LIBRARIES = YES;
				CODE_SIGN_STYLE = Automatic;
				DEVELOPMENT_TEAM = 63YL5QDMNS;
				INFOPLIST_FILE = SampleUITests/Info.plist;
				LD_RUNPATH_SEARCH_PATHS = "$(inherited) @executable_path/Frameworks @loader_path/Frameworks";
				PRODUCT_BUNDLE_IDENTIFIER = cn.meniny.Bio.SampleUITests;
				PRODUCT_NAME = "$(TARGET_NAME)";
				SWIFT_VERSION = 4.0;
				TARGETED_DEVICE_FAMILY = "1,2";
				TEST_TARGET_NAME = Sample;
			};
			name = Debug;
		};
		64507CA11FE786E600EC2859 /* Release */ = {
			isa = XCBuildConfiguration;
			buildSettings = {
				ALWAYS_EMBED_SWIFT_STANDARD_LIBRARIES = YES;
				CODE_SIGN_STYLE = Automatic;
				DEVELOPMENT_TEAM = 63YL5QDMNS;
				INFOPLIST_FILE = SampleUITests/Info.plist;
				LD_RUNPATH_SEARCH_PATHS = "$(inherited) @executable_path/Frameworks @loader_path/Frameworks";
				PRODUCT_BUNDLE_IDENTIFIER = cn.meniny.Bio.SampleUITests;
				PRODUCT_NAME = "$(TARGET_NAME)";
				SWIFT_VERSION = 4.0;
				TARGETED_DEVICE_FAMILY = "1,2";
				TEST_TARGET_NAME = Sample;
			};
			name = Release;
		};
/* End XCBuildConfiguration section */

/* Begin XCConfigurationList section */
		64507C6C1FE786E500EC2859 /* Build configuration list for PBXProject "Sample" */ = {
			isa = XCConfigurationList;
			buildConfigurations = (
				64507C971FE786E600EC2859 /* Debug */,
				64507C981FE786E600EC2859 /* Release */,
			);
			defaultConfigurationIsVisible = 0;
			defaultConfigurationName = Release;
		};
		64507C991FE786E600EC2859 /* Build configuration list for PBXNativeTarget "Sample" */ = {
			isa = XCConfigurationList;
			buildConfigurations = (
				64507C9A1FE786E600EC2859 /* Debug */,
				64507C9B1FE786E600EC2859 /* Release */,
			);
			defaultConfigurationIsVisible = 0;
			defaultConfigurationName = Release;
		};
		64507C9C1FE786E600EC2859 /* Build configuration list for PBXNativeTarget "SampleTests" */ = {
			isa = XCConfigurationList;
			buildConfigurations = (
				64507C9D1FE786E600EC2859 /* Debug */,
				64507C9E1FE786E600EC2859 /* Release */,
			);
			defaultConfigurationIsVisible = 0;
			defaultConfigurationName = Release;
		};
		64507C9F1FE786E600EC2859 /* Build configuration list for PBXNativeTarget "SampleUITests" */ = {
			isa = XCConfigurationList;
			buildConfigurations = (
				64507CA01FE786E600EC2859 /* Debug */,
				64507CA11FE786E600EC2859 /* Release */,
			);
			defaultConfigurationIsVisible = 0;
			defaultConfigurationName = Release;
		};
/* End XCConfigurationList section */
	};
	rootObject = 64507C691FE786E500EC2859 /* Project object */;
}
